PODS:
  - Flutter (1.0.0)
  - flutter_current_locale (0.0.1):
    - Flutter

DEPENDENCIES:
  - Flutter (from `Flutter`)
  - flutter_current_locale (from `.symlinks/plugins/flutter_current_locale/ios`)

EXTERNAL SOURCES:
  Flutter:
    :path: Flutter
  flutter_current_locale:
    :path: ".symlinks/plugins/flutter_current_locale/ios"

SPEC CHECKSUMS:
  Flutter: 0e3d915762c693b495b44d77113d4970485de6ec
  flutter_current_locale: 6f719dbae91f54fe99471d0746d0722e6fa8097c

PODFILE CHECKSUM: 1b66dae606f75376c5f2135a8290850eeb09ae83

COCOAPODS: 1.8.1
